# THIS IS AN AUTOGENERATED FILE. DO NOT EDIT THIS FILE DIRECTLY.
# yarn lockfile v1


barecolor@^1.0.1:
  version "1.0.1"
  resolved "https://registry.yarnpkg.com/barecolor/-/barecolor-1.0.1.tgz#1bbbbfc41cedecf74e23fb7d9d054cd8763d92cc"
  integrity sha512-ncJ680U+r1CGBt73L3O6V9GIAPy3hbDmWODEQajwEnDmmzeStvc4UYhapUSxUpS76+MHxyRihzZfwhyl122Zdw==
